// !$*UTF8*$!
{
	archiveVersion = 1;
	classes = {
	};
	objectVersion = 46;
	objects = {

/* Begin PBXBuildFile section */
		AE3DF769191B682D0076C9D6 /* Foundation.framework in Frameworks */ = {isa = PBXBuildFile; fileRef = AE3DF768191B682D0076C9D6 /* Foundation.framework */; };
		AE3DF76B191B682D0076C9D6 /* CoreGraphics.framework in Frameworks */ = {isa = PBXBuildFile; fileRef = AE3DF76A191B682D0076C9D6 /* CoreGraphics.framework */; };
		AE3DF76D191B682D0076C9D6 /* UIKit.framework in Frameworks */ = {isa = PBXBuildFile; fileRef = AE3DF76C191B682D0076C9D6 /* UIKit.framework */; };
		AE3DF773191B682D0076C9D6 /* InfoPlist.strings in Resources */ = {isa = PBXBuildFile; fileRef = AE3DF771191B682D0076C9D6 /* InfoPlist.strings */; };
		AE3DF775191B682D0076C9D6 /* main.m in Sources */ = {isa = PBXBuildFile; fileRef = AE3DF774191B682D0076C9D6 /* main.m */; };
		AE3DF779191B682D0076C9D6 /* iuiueAppDelegate.m in Sources */ = {isa = PBXBuildFile; fileRef = AE3DF778191B682D0076C9D6 /* iuiueAppDelegate.m */; };
		AE3DF77B191B682D0076C9D6 /* Images.xcassets in Resources */ = {isa = PBXBuildFile; fileRef = AE3DF77A191B682D0076C9D6 /* Images.xcassets */; };
		AE3DF782191B682D0076C9D6 /* XCTest.framework in Frameworks */ = {isa = PBXBuildFile; fileRef = AE3DF781191B682D0076C9D6 /* XCTest.framework */; };
		AE3DF783191B682D0076C9D6 /* Foundation.framework in Frameworks */ = {isa = PBXBuildFile; fileRef = AE3DF768191B682D0076C9D6 /* Foundation.framework */; };
		AE3DF784191B682D0076C9D6 /* UIKit.framework in Frameworks */ = {isa = PBXBuildFile; fileRef = AE3DF76C191B682D0076C9D6 /* UIKit.framework */; };
		AE3DF78C191B682D0076C9D6 /* InfoPlist.strings in Resources */ = {isa = PBXBuildFile; fileRef = AE3DF78A191B682D0076C9D6 /* InfoPlist.strings */; };
		AE3DF78E191B682D0076C9D6 /* iuiueTests.m in Sources */ = {isa = PBXBuildFile; fileRef = AE3DF78D191B682D0076C9D6 /* iuiueTests.m */; };
/* End PBXBuildFile section */

/* Begin PBXContainerItemProxy section */
		AE3DF785191B682D0076C9D6 /* PBXContainerItemProxy */ = {
			isa = PBXContainerItemProxy;
			containerPortal = AE3DF75D191B682D0076C9D6 /* Project object */;
			proxyType = 1;
			remoteGlobalIDString = AE3DF764191B682D0076C9D6;
			remoteInfo = iuiue;
		};
/* End PBXContainerItemProxy section */

/* Begin PBXFileReference section */
		AE3DF765191B682D0076C9D6 /* iuiue.app */ = {isa = PBXFileReference; explicitFileType = wrapper.application; includeInIndex = 0; path = iuiue.app; sourceTree = BUILT_PRODUCTS_DIR; };
		AE3DF768191B682D0076C9D6 /* Foundation.framework */ = {isa = PBXFileReference; lastKnownFileType = wrapper.framework; name = Foundation.framework; path = System/Library/Frameworks/Foundation.framework; sourceTree = SDKROOT; };
		AE3DF76A191B682D0076C9D6 /* CoreGraphics.framework */ = {isa = PBXFileReference; lastKnownFileType = wrapper.framework; name = CoreGraphics.framework; path = System/Library/Frameworks/CoreGraphics.framework; sourceTree = SDKROOT; };
		AE3DF76C191B682D0076C9D6 /* UIKit.framework */ = {isa = PBXFileReference; lastKnownFileType = wrapper.framework; name = UIKit.framework; path = System/Library/Frameworks/UIKit.framework; sourceTree = SDKROOT; };
		AE3DF770191B682D0076C9D6 /* iuiue-Info.plist */ = {isa = PBXFileReference; lastKnownFileType = text.plist.xml; path = "iuiue-Info.plist"; sourceTree = "<group>"; };
		AE3DF772191B682D0076C9D6 /* en */ = {isa = PBXFileReference; lastKnownFileType = text.plist.strings; name = en; path = en.lproj/InfoPlist.strings; sourceTree = "<group>"; };
		AE3DF774191B682D0076C9D6 /* main.m */ = {isa = PBXFileReference; lastKnownFileType = sourcecode.c.objc; path = main.m; sourceTree = "<group>"; };
		AE3DF776191B682D0076C9D6 /* iuiue-Prefix.pch */ = {isa = PBXFileReference; lastKnownFileType = sourcecode.c.h; path = "iuiue-Prefix.pch"; sourceTree = "<group>"; };
		AE3DF777191B682D0076C9D6 /* iuiueAppDelegate.h */ = {isa = PBXFileReference; lastKnownFileType = sourcecode.c.h; path = iuiueAppDelegate.h; sourceTree = "<group>"; };
		AE3DF778191B682D0076C9D6 /* iuiueAppDelegate.m */ = {isa = PBXFileReference; lastKnownFileType = sourcecode.c.objc; path = iuiueAppDelegate.m; sourceTree = "<group>"; };
		AE3DF77A191B682D0076C9D6 /* Images.xcassets */ = {isa = PBXFileReference; lastKnownFileType = folder.assetcatalog; path = Images.xcassets; sourceTree = "<group>"; };
		AE3DF780191B682D0076C9D6 /* iuiueTests.xctest */ = {isa = PBXFileReference; explicitFileType = wrapper.cfbundle; includeInIndex = 0; path = iuiueTests.xctest; sourceTree = BUILT_PRODUCTS_DIR; };
		AE3DF781191B682D0076C9D6 /* XCTest.framework */ = {isa = PBXFileReference; lastKnownFileType = wrapper.framework; name = XCTest.framework; path = Library/Frameworks/XCTest.framework; sourceTree = DEVELOPER_DIR; };
		AE3DF789191B682D0076C9D6 /* iuiueTests-Info.plist */ = {isa = PBXFileReference; lastKnownFileType = text.plist.xml; path = "iuiueTests-Info.plist"; sourceTree = "<group>"; };
		AE3DF78B191B682D0076C9D6 /* en */ = {isa = PBXFileReference; lastKnownFileType = text.plist.strings; name = en; path = en.lproj/InfoPlist.strings; sourceTree = "<group>"; };
		AE3DF78D191B682D0076C9D6 /* iuiueTests.m */ = {isa = PBXFileReference; lastKnownFileType = sourcecode.c.objc; path = iuiueTests.m; sourceTree = "<group>"; };
/* End PBXFileReference section */

/* Begin PBXFrameworksBuildPhase section */
		AE3DF762191B682D0076C9D6 /* Frameworks */ = {
			isa = PBXFrameworksBuildPhase;
			buildActionMask = 2147483647;
			files = (
				AE3DF76B191B682D0076C9D6 /* CoreGraphics.framework in Frameworks */,
				AE3DF76D191B682D0076C9D6 /* UIKit.framework in Frameworks */,
				AE3DF769191B682D0076C9D6 /* Foundation.framework in Frameworks */,
			);
			runOnlyForDeploymentPostprocessing = 0;
		};
		AE3DF77D191B682D0076C9D6 /* Frameworks */ = {
			isa = PBXFrameworksBuildPhase;
			buildActionMask = 2147483647;
			files = (
				AE3DF782191B682D0076C9D6 /* XCTest.framework in Frameworks */,
				AE3DF784191B682D0076C9D6 /* UIKit.framework in Frameworks */,
				AE3DF783191B682D0076C9D6 /* Foundation.framework in Frameworks */,
			);
			runOnlyForDeploymentPostprocessing = 0;
		};
/* End PBXFrameworksBuildPhase section */

/* Begin PBXGroup section */
		AE3DF75C191B682D0076C9D6 = {
			isa = PBXGroup;
			children = (
				AE3DF76E191B682D0076C9D6 /* iuiue */,
				AE3DF787191B682D0076C9D6 /* iuiueTests */,
				AE3DF767191B682D0076C9D6 /* Frameworks */,
				AE3DF766191B682D0076C9D6 /* Products */,
			);
			sourceTree = "<group>";
		};
		AE3DF766191B682D0076C9D6 /* Products */ = {
			isa = PBXGroup;
			children = (
				AE3DF765191B682D0076C9D6 /* iuiue.app */,
				AE3DF780191B682D0076C9D6 /* iuiueTests.xctest */,
			);
			name = Products;
			sourceTree = "<group>";
		};
		AE3DF767191B682D0076C9D6 /* Frameworks */ = {
			isa = PBXGroup;
			children = (
				AE3DF768191B682D0076C9D6 /* Foundation.framework */,
				AE3DF76A191B682D0076C9D6 /* CoreGraphics.framework */,
				AE3DF76C191B682D0076C9D6 /* UIKit.framework */,
				AE3DF781191B682D0076C9D6 /* XCTest.framework */,
			);
			name = Frameworks;
			sourceTree = "<group>";
		};
		AE3DF76E191B682D0076C9D6 /* iuiue */ = {
			isa = PBXGroup;
			children = (
				AE3DF777191B682D0076C9D6 /* iuiueAppDelegate.h */,
				AE3DF778191B682D0076C9D6 /* iuiueAppDelegate.m */,
				AE3DF77A191B682D0076C9D6 /* Images.xcassets */,
				AE3DF76F191B682D0076C9D6 /* Supporting Files */,
			);
			path = iuiue;
			sourceTree = "<group>";
		};
		AE3DF76F191B682D0076C9D6 /* Supporting Files */ = {
			isa = PBXGroup;
			children = (
				AE3DF770191B682D0076C9D6 /* iuiue-Info.plist */,
				AE3DF771191B682D0076C9D6 /* InfoPlist.strings */,
				AE3DF774191B682D0076C9D6 /* main.m */,
				AE3DF776191B682D0076C9D6 /* iuiue-Prefix.pch */,
			);
			name = "Supporting Files";
			sourceTree = "<group>";
		};
		AE3DF787191B682D0076C9D6 /* iuiueTests */ = {
			isa = PBXGroup;
			children = (
				AE3DF78D191B682D0076C9D6 /* iuiueTests.m */,
				AE3DF788191B682D0076C9D6 /* Supporting Files */,
			);
			path = iuiueTests;
			sourceTree = "<group>";
		};
		AE3DF788191B682D0076C9D6 /* Supporting Files */ = {
			isa = PBXGroup;
			children = (
				AE3DF789191B682D0076C9D6 /* iuiueTests-Info.plist */,
				AE3DF78A191B682D0076C9D6 /* InfoPlist.strings */,
			);
			name = "Supporting Files";
			sourceTree = "<group>";
		};
/* End PBXGroup section */

/* Begin PBXNativeTarget section */
		AE3DF764191B682D0076C9D6 /* iuiue */ = {
			isa = PBXNativeTarget;
			buildConfigurationList = AE3DF791191B682D0076C9D6 /* Build configuration list for PBXNativeTarget "iuiue" */;
			buildPhases = (
				AE3DF761191B682D0076C9D6 /* Sources */,
				AE3DF762191B682D0076C9D6 /* Frameworks */,
				AE3DF763191B682D0076C9D6 /* Resources */,
			);
			buildRules = (
			);
			dependencies = (
			);
			name = iuiue;
			productName = iuiue;
			productReference = AE3DF765191B682D0076C9D6 /* iuiue.app */;
			productType = "com.apple.product-type.application";
		};
		AE3DF77F191B682D0076C9D6 /* iuiueTests */ = {
			isa = PBXNativeTarget;
			buildConfigurationList = AE3DF794191B682D0076C9D6 /* Build configuration list for PBXNativeTarget "iuiueTests" */;
			buildPhases = (
				AE3DF77C191B682D0076C9D6 /* Sources */,
				AE3DF77D191B682D0076C9D6 /* Frameworks */,
				AE3DF77E191B682D0076C9D6 /* Resources */,
			);
			buildRules = (
			);
			dependencies = (
				AE3DF786191B682D0076C9D6 /* PBXTargetDependency */,
			);
			name = iuiueTests;
			productName = iuiueTests;
			productReference = AE3DF780191B682D0076C9D6 /* iuiueTests.xctest */;
			productType = "com.apple.product-type.bundle.unit-test";
		};
/* End PBXNativeTarget section */

/* Begin PBXProject section */
		AE3DF75D191B682D0076C9D6 /* Project object */ = {
			isa = PBXProject;
			attributes = {
				CLASSPREFIX = iuiue;
				LastUpgradeCheck = 0510;
				ORGANIZATIONNAME = iuiue;
				TargetAttributes = {
					AE3DF77F191B682D0076C9D6 = {
						TestTargetID = AE3DF764191B682D0076C9D6;
					};
				};
			};
			buildConfigurationList = AE3DF760191B682D0076C9D6 /* Build configuration list for PBXProject "iuiue" */;
			compatibilityVersion = "Xcode 3.2";
			developmentRegion = English;
			hasScannedForEncodings = 0;
			knownRegions = (
				en,
			);
			mainGroup = AE3DF75C191B682D0076C9D6;
			productRefGroup = AE3DF766191B682D0076C9D6 /* Products */;
			projectDirPath = "";
			projectRoot = "";
			targets = (
				AE3DF764191B682D0076C9D6 /* iuiue */,
				AE3DF77F191B682D0076C9D6 /* iuiueTests */,
			);
		};
/* End PBXProject section */

/* Begin PBXResourcesBuildPhase section */
		AE3DF763191B682D0076C9D6 /* Resources */ = {
			isa = PBXResourcesBuildPhase;
			buildActionMask = 2147483647;
			files = (
				AE3DF773191B682D0076C9D6 /* InfoPlist.strings in Resources */,
				AE3DF77B191B682D0076C9D6 /* Images.xcassets in Resources */,
			);
			runOnlyForDeploymentPostprocessing = 0;
		};
		AE3DF77E191B682D0076C9D6 /* Resources */ = {
			isa = PBXResourcesBuildPhase;
			buildActionMask = 2147483647;
			files = (
				AE3DF78C191B682D0076C9D6 /* InfoPlist.strings in Resources */,
			);
			runOnlyForDeploymentPostprocessing = 0;
		};
/* End PBXResourcesBuildPhase section */

/* Begin PBXSourcesBuildPhase section */
		AE3DF761191B682D0076C9D6 /* Sources */ = {
			isa = PBXSourcesBuildPhase;
			buildActionMask = 2147483647;
			files = (
				AE3DF779191B682D0076C9D6 /* iuiueAppDelegate.m in Sources */,
				AE3DF775191B682D0076C9D6 /* main.m in Sources */,
			);
			runOnlyForDeploymentPostprocessing = 0;
		};
		AE3DF77C191B682D0076C9D6 /* Sources */ = {
			isa = PBXSourcesBuildPhase;
			buildActionMask = 2147483647;
			files = (
				AE3DF78E191B682D0076C9D6 /* iuiueTests.m in Sources */,
			);
			runOnlyForDeploymentPostprocessing = 0;
		};
/* End PBXSourcesBuildPhase section */

/* Begin PBXTargetDependency section */
		AE3DF786191B682D0076C9D6 /* PBXTargetDependency */ = {
			isa = PBXTargetDependency;
			target = AE3DF764191B682D0076C9D6 /* iuiue */;
			targetProxy = AE3DF785191B682D0076C9D6 /* PBXContainerItemProxy */;
		};
/* End PBXTargetDependency section */

/* Begin PBXVariantGroup section */
		AE3DF771191B682D0076C9D6 /* InfoPlist.strings */ = {
			isa = PBXVariantGroup;
			children = (
				AE3DF772191B682D0076C9D6 /* en */,
			);
			name = InfoPlist.strings;
			sourceTree = "<group>";
		};
		AE3DF78A191B682D0076C9D6 /* InfoPlist.strings */ = {
			isa = PBXVariantGroup;
			children = (
				AE3DF78B191B682D0076C9D6 /* en */,
			);
			name = InfoPlist.strings;
			sourceTree = "<group>";
		};
/* End PBXVariantGroup section */

/* Begin XCBuildConfiguration section */
		AE3DF78F191B682D0076C9D6 /* Debug */ = {
			isa = XCBuildConfiguration;
			buildSettings = {
				ALWAYS_SEARCH_USER_PATHS = NO;
				CLANG_CXX_LANGUAGE_STANDARD = "gnu++0x";
				CLANG_CXX_LIBRARY = "libc++";
				CLANG_ENABLE_MODULES = YES;
				CLANG_ENABLE_OBJC_ARC = YES;
				CLANG_WARN_BOOL_CONVERSION = YES;
				CLANG_WARN_CONSTANT_CONVERSION = YES;
				CLANG_WARN_DIRECT_OBJC_ISA_USAGE = YES_ERROR;
				CLANG_WARN_EMPTY_BODY = YES;
				CLANG_WARN_ENUM_CONVERSION = YES;
				CLANG_WARN_INT_CONVERSION = YES;
				CLANG_WARN_OBJC_ROOT_CLASS = YES_ERROR;
				CLANG_WARN__DUPLICATE_METHOD_MATCH = YES;
				"CODE_SIGN_IDENTITY[sdk=iphoneos*]" = "iPhone Developer";
				COPY_PHASE_STRIP = NO;
				GCC_C_LANGUAGE_STANDARD = gnu99;
				GCC_DYNAMIC_NO_PIC = NO;
				GCC_OPTIMIZATION_LEVEL = 0;
				GCC_PREPROCESSOR_DEFINITIONS = (
					"DEBUG=1",
					"$(inherited)",
				);
				GCC_SYMBOLS_PRIVATE_EXTERN = NO;
				GCC_WARN_64_TO_32_BIT_CONVERSION = YES;
				GCC_WARN_ABOUT_RETURN_TYPE = YES_ERROR;
				GCC_WARN_UNDECLARED_SELECTOR = YES;
				GCC_WARN_UNINITIALIZED_AUTOS = YES_AGGRESSIVE;
				GCC_WARN_UNUSED_FUNCTION = YES;
				GCC_WARN_UNUSED_VARIABLE = YES;
				IPHONEOS_DEPLOYMENT_TARGET = 7.1;
				ONLY_ACTIVE_ARCH = YES;
				SDKROOT = iphoneos;
				TARGETED_DEVICE_FAMILY = "1,2";
			};
			name = Debug;
		};
		AE3DF790191B682D0076C9D6 /* Release */ = {
			isa = XCBuildConfiguration;
			buildSettings = {
				ALWAYS_SEARCH_USER_PATHS = NO;
				CLANG_CXX_LANGUAGE_STANDARD = "gnu++0x";
				CLANG_CXX_LIBRARY = "libc++";
				CLANG_ENABLE_MODULES = YES;
				CLANG_ENABLE_OBJC_ARC = YES;
				CLANG_WARN_BOOL_CONVERSION = YES;
				CLANG_WARN_CONSTANT_CONVERSION = YES;
				CLANG_WARN_DIRECT_OBJC_ISA_USAGE = YES_ERROR;
				CLANG_WARN_EMPTY_BODY = YES;
				CLANG_WARN_ENUM_CONVERSION = YES;
				CLANG_WARN_INT_CONVERSION = YES;
				CLANG_WARN_OBJC_ROOT_CLASS = YES_ERROR;
				CLANG_WARN__DUPLICATE_METHOD_MATCH = YES;
				"CODE_SIGN_IDENTITY[sdk=iphoneos*]" = "iPhone Developer";
				COPY_PHASE_STRIP = YES;
				ENABLE_NS_ASSERTIONS = NO;
				GCC_C_LANGUAGE_STANDARD = gnu99;
				GCC_WARN_64_TO_32_BIT_CONVERSION = YES;
				GCC_WARN_ABOUT_RETURN_TYPE = YES_ERROR;
				GCC_WARN_UNDECLARED_SELECTOR = YES;
				GCC_WARN_UNINITIALIZED_AUTOS = YES_AGGRESSIVE;
				GCC_WARN_UNUSED_FUNCTION = YES;
				GCC_WARN_UNUSED_VARIABLE = YES;
				IPHONEOS_DEPLOYMENT_TARGET = 7.1;
				SDKROOT = iphoneos;
				TARGETED_DEVICE_FAMILY = "1,2";
				VALIDATE_PRODUCT = YES;
			};
			name = Release;
		};
		AE3DF792191B682D0076C9D6 /* Debug */ = {
			isa = XCBuildConfiguration;
			buildSettings = {
				ASSETCATALOG_COMPILER_APPICON_NAME = AppIcon;
				ASSETCATALOG_COMPILER_LAUNCHIMAGE_NAME = LaunchImage;
				GCC_PRECOMPILE_PREFIX_HEADER = YES;
				GCC_PREFIX_HEADER = "iuiue/iuiue-Prefix.pch";
				INFOPLIST_FILE = "iuiue/iuiue-Info.plist";
				PRODUCT_NAME = "$(TARGET_NAME)";
				WRAPPER_EXTENSION = app;
			};
			name = Debug;
		};
		AE3DF793191B682D0076C9D6 /* Release */ = {
			isa = XCBuildConfiguration;
			buildSettings = {
				ASSETCATALOG_COMPILER_APPICON_NAME = AppIcon;
				ASSETCATALOG_COMPILER_LAUNCHIMAGE_NAME = LaunchImage;
				GCC_PRECOMPILE_PREFIX_HEADER = YES;
				GCC_PREFIX_HEADER = "iuiue/iuiue-Prefix.pch";
				INFOPLIST_FILE = "iuiue/iuiue-Info.plist";
				PRODUCT_NAME = "$(TARGET_NAME)";
				WRAPPER_EXTENSION = app;
			};
			name = Release;
		};
		AE3DF795191B682D0076C9D6 /* Debug */ = {
			isa = XCBuildConfiguration;
			buildSettings = {
				BUNDLE_LOADER = "$(BUILT_PRODUCTS_DIR)/iuiue.app/iuiue";
				FRAMEWORK_SEARCH_PATHS = (
					"$(SDKROOT)/Developer/Library/Frameworks",
					"$(inherited)",
					"$(DEVELOPER_FRAMEWORKS_DIR)",
				);
				GCC_PRECOMPILE_PREFIX_HEADER = YES;
				GCC_PREFIX_HEADER = "iuiue/iuiue-Prefix.pch";
				GCC_PREPROCESSOR_DEFINITIONS = (
					"DEBUG=1",
					"$(inherited)",
				);
				INFOPLIST_FILE = "iuiueTests/iuiueTests-Info.plist";
				PRODUCT_NAME = "$(TARGET_NAME)";
				TEST_HOST = "$(BUNDLE_LOADER)";
				WRAPPER_EXTENSION = xctest;
			};
			name = Debug;
		};
		AE3DF796191B682D0076C9D6 /* Release */ = {
			isa = XCBuildConfiguration;
			buildSettings = {
				BUNDLE_LOADER = "$(BUILT_PRODUCTS_DIR)/iuiue.app/iuiue";
				FRAMEWORK_SEARCH_PATHS = (
					"$(SDKROOT)/Developer/Library/Frameworks",
					"$(inherited)",
					"$(DEVELOPER_FRAMEWORKS_DIR)",
				);
				GCC_PRECOMPILE_PREFIX_HEADER = YES;
				GCC_PREFIX_HEADER = "iuiue/iuiue-Prefix.pch";
				INFOPLIST_FILE = "iuiueTests/iuiueTests-Info.plist";
				PRODUCT_NAME = "$(TARGET_NAME)";
				TEST_HOST = "$(BUNDLE_LOADER)";
				WRAPPER_EXTENSION = xctest;
			};
			name = Release;
		};
/* End XCBuildConfiguration section */

/* Begin XCConfigurationList section */
		AE3DF760191B682D0076C9D6 /* Build configuration list for PBXProject "iuiue" */ = {
			isa = XCConfigurationList;
			buildConfigurations = (
				AE3DF78F191B682D0076C9D6 /* Debug */,
				AE3DF790191B682D0076C9D6 /* Release */,
			);
			defaultConfigurationIsVisible = 0;
			defaultConfigurationName = Release;
		};
		AE3DF791191B682D0076C9D6 /* Build configuration list for PBXNativeTarget "iuiue" */ = {
			isa = XCConfigurationList;
			buildConfigurations = (
				AE3DF792191B682D0076C9D6 /* Debug */,
				AE3DF793191B682D0076C9D6 /* Release */,
			);
			defaultConfigurationIsVisible = 0;
		};
		AE3DF794191B682D0076C9D6 /* Build configuration list for PBXNativeTarget "iuiueTests" */ = {
			isa = XCConfigurationList;
			buildConfigurations = (
				AE3DF795191B682D0076C9D6 /* Debug */,
				AE3DF796191B682D0076C9D6 /* Release */,
			);
			defaultConfigurationIsVisible = 0;
		};
/* End XCConfigurationList section */
	};
	rootObject = AE3DF75D191B682D0076C9D6 /* Project object */;
}
